dependencies:
- name: mariadb
  repository: https://charts.bitnami.com/bitnami
  version: 9.3.11
- name: redis
  repository: https://charts.bitnami.com/bitnami
  version: 14.1.1
digest: sha256:2fedcd6f8bde8508d213763bb0dd7fcb29822bb15a739424d1ca9f4b36e2e687
generated: "2021-05-15T17:08:19.821861+02:00"
